
Microsoft Visual Studio Solution File, Format Version 12.00
# Visual Studio Version 16
VisualStudioVersion = 16.0.30114.105
MinimumVisualStudioVersion = 10.0.40219.1
Project("{FAE04EC0-301F-11D3-BF4B-00C04F79EFBC}") = "API", "API\API.csproj", "{93859732-17BB-4CA6-9F20-67226D191B47}"
EndProject
Project("{FAE04EC0-301F-11D3-BF4B-00C04F79EFBC}") = "Application", "Application\Application.csproj", "{944740D4-2BE3-44A9-9271-217A55956E4B}"
EndProject
Project("{FAE04EC0-301F-11D3-BF4B-00C04F79EFBC}") = "Persistence", "Persistence\Persistence.csproj", "{19C91E20-7C23-4D63-9A0F-6DEC268EF6DA}"
EndProject
Project("{FAE04EC0-301F-11D3-BF4B-00C04F79EFBC}") = "Domain", "Domain\Domain.csproj", "{C876AFCC-201C-455C-B0AA-9268D78EFADC}"
EndProject
Global
	GlobalSection(SolutionConfigurationPlatforms) = preSolution
		Debug|Any CPU = Debug|Any CPU
		Debug|x64 = Debug|x64
		Debug|x86 = Debug|x86
		Release|Any CPU = Release|Any CPU
		Release|x64 = Release|x64
		Release|x86 = Release|x86
	EndGlobalSection
	GlobalSection(SolutionProperties) = preSolution
		HideSolutionNode = FALSE
	EndGlobalSection
	GlobalSection(ProjectConfigurationPlatforms) = postSolution
		{93859732-17BB-4CA6-9F20-67226D191B47}.Debug|Any CPU.ActiveCfg = Debug|Any CPU
		{93859732-17BB-4CA6-9F20-67226D191B47}.Debug|Any CPU.Build.0 = Debug|Any CPU
		{93859732-17BB-4CA6-9F20-67226D191B47}.Debug|x64.ActiveCfg = Debug|Any CPU
		{93859732-17BB-4CA6-9F20-67226D191B47}.Debug|x64.Build.0 = Debug|Any CPU
		{93859732-17BB-4CA6-9F20-67226D191B47}.Debug|x86.ActiveCfg = Debug|Any CPU
		{93859732-17BB-4CA6-9F20-67226D191B47}.Debug|x86.Build.0 = Debug|Any CPU
		{93859732-17BB-4CA6-9F20-67226D191B47}.Release|Any CPU.ActiveCfg = Release|Any CPU
		{93859732-17BB-4CA6-9F20-67226D191B47}.Release|Any CPU.Build.0 = Release|Any CPU
		{93859732-17BB-4CA6-9F20-67226D191B47}.Release|x64.ActiveCfg = Release|Any CPU
		{93859732-17BB-4CA6-9F20-67226D191B47}.Release|x64.Build.0 = Release|Any CPU
		{93859732-17BB-4CA6-9F20-67226D191B47}.Release|x86.ActiveCfg = Release|Any CPU
		{93859732-17BB-4CA6-9F20-67226D191B47}.Release|x86.Build.0 = Release|Any CPU
		{944740D4-2BE3-44A9-9271-217A55956E4B}.Debug|Any CPU.ActiveCfg = Debug|Any CPU
		{944740D4-2BE3-44A9-9271-217A55956E4B}.Debug|Any CPU.Build.0 = Debug|Any CPU
		{944740D4-2BE3-44A9-9271-217A55956E4B}.Debug|x64.ActiveCfg = Debug|Any CPU
		{944740D4-2BE3-44A9-9271-217A55956E4B}.Debug|x64.Build.0 = Debug|Any CPU
		{944740D4-2BE3-44A9-9271-217A55956E4B}.Debug|x86.ActiveCfg = Debug|Any CPU
		{944740D4-2BE3-44A9-9271-217A55956E4B}.Debug|x86.Build.0 = Debug|Any CPU
		{944740D4-2BE3-44A9-9271-217A55956E4B}.Release|Any CPU.ActiveCfg = Release|Any CPU
		{944740D4-2BE3-44A9-9271-217A55956E4B}.Release|Any CPU.Build.0 = Release|Any CPU
		{944740D4-2BE3-44A9-9271-217A55956E4B}.Release|x64.ActiveCfg = Release|Any CPU
		{944740D4-2BE3-44A9-9271-217A55956E4B}.Release|x64.Build.0 = Release|Any CPU
		{944740D4-2BE3-44A9-9271-217A55956E4B}.Release|x86.ActiveCfg = Release|Any CPU
		{944740D4-2BE3-44A9-9271-217A55956E4B}.Release|x86.Build.0 = Release|Any CPU
		{19C91E20-7C23-4D63-9A0F-6DEC268EF6DA}.Debug|Any CPU.ActiveCfg = Debug|Any CPU
		{19C91E20-7C23-4D63-9A0F-6DEC268EF6DA}.Debug|Any CPU.Build.0 = Debug|Any CPU
		{19C91E20-7C23-4D63-9A0F-6DEC268EF6DA}.Debug|x64.ActiveCfg = Debug|Any CPU
		{19C91E20-7C23-4D63-9A0F-6DEC268EF6DA}.Debug|x64.Build.0 = Debug|Any CPU
		{19C91E20-7C23-4D63-9A0F-6DEC268EF6DA}.Debug|x86.ActiveCfg = Debug|Any CPU
		{19C91E20-7C23-4D63-9A0F-6DEC268EF6DA}.Debug|x86.Build.0 = Debug|Any CPU
		{19C91E20-7C23-4D63-9A0F-6DEC268EF6DA}.Release|Any CPU.ActiveCfg = Release|Any CPU
		{19C91E20-7C23-4D63-9A0F-6DEC268EF6DA}.Release|Any CPU.Build.0 = Release|Any CPU
		{19C91E20-7C23-4D63-9A0F-6DEC268EF6DA}.Release|x64.ActiveCfg = Release|Any CPU
		{19C91E20-7C23-4D63-9A0F-6DEC268EF6DA}.Release|x64.Build.0 = Release|Any CPU
		{19C91E20-7C23-4D63-9A0F-6DEC268EF6DA}.Release|x86.ActiveCfg = Release|Any CPU
		{19C91E20-7C23-4D63-9A0F-6DEC268EF6DA}.Release|x86.Build.0 = Release|Any CPU
		{C876AFCC-201C-455C-B0AA-9268D78EFADC}.Debug|Any CPU.ActiveCfg = Debug|Any CPU
		{C876AFCC-201C-455C-B0AA-9268D78EFADC}.Debug|Any CPU.Build.0 = Debug|Any CPU
		{C876AFCC-201C-455C-B0AA-9268D78EFADC}.Debug|x64.ActiveCfg = Debug|Any CPU
		{C876AFCC-201C-455C-B0AA-9268D78EFADC}.Debug|x64.Build.0 = Debug|Any CPU
		{C876AFCC-201C-455C-B0AA-9268D78EFADC}.Debug|x86.ActiveCfg = Debug|Any CPU
		{C876AFCC-201C-455C-B0AA-9268D78EFADC}.Debug|x86.Build.0 = Debug|Any CPU
		{C876AFCC-201C-455C-B0AA-9268D78EFADC}.Release|Any CPU.ActiveCfg = Release|Any CPU
		{C876AFCC-201C-455C-B0AA-9268D78EFADC}.Release|Any CPU.Build.0 = Release|Any CPU
		{C876AFCC-201C-455C-B0AA-9268D78EFADC}.Release|x64.ActiveCfg = Release|Any CPU
		{C876AFCC-201C-455C-B0AA-9268D78EFADC}.Release|x64.Build.0 = Release|Any CPU
		{C876AFCC-201C-455C-B0AA-9268D78EFADC}.Release|x86.ActiveCfg = Release|Any CPU
		{C876AFCC-201C-455C-B0AA-9268D78EFADC}.Release|x86.Build.0 = Release|Any CPU
	EndGlobalSection
EndGlobal
